Microsoft Visual Studio Solution File, Format Version 12.00
# Visual Studio Version 17
VisualStudioVersion = 17.5.2.0
MinimumVisualStudioVersion = 10.0.40219.1
Project("{FAE04EC0-301F-11D3-BF4B-00C04F79EFBC}") = "Ex_02_01", "Ex_02_01.csproj", "{49F0505D-E952-DA6C-2562-5AC2D41F4887}"
EndProject
Global
	GlobalSection(SolutionConfigurationPlatforms) = preSolution
		Debug|Any CPU = Debug|Any CPU
		Release|Any CPU = Release|Any CPU
	EndGlobalSection
	GlobalSection(ProjectConfigurationPlatforms) = postSolution
		{49F0505D-E952-DA6C-2562-5AC2D41F4887}.Debug|Any CPU.ActiveCfg = Debug|Any CPU
		{49F0505D-E952-DA6C-2562-5AC2D41F4887}.Debug|Any CPU.Build.0 = Debug|Any CPU
		{49F0505D-E952-DA6C-2562-5AC2D41F4887}.Release|Any CPU.ActiveCfg = Release|Any CPU
		{49F0505D-E952-DA6C-2562-5AC2D41F4887}.Release|Any CPU.Build.0 = Release|Any CPU
	EndGlobalSection
	GlobalSection(SolutionProperties) = preSolution
		HideSolutionNode = FALSE
	EndGlobalSection
	GlobalSection(ExtensibilityGlobals) = postSolution
		SolutionGuid = {21D33BFA-5047-4447-AC6E-C653F4A0D72C}
	EndGlobalSection
EndGlobal
